
Microsoft Visual Studio Solution File, Format Version 12.00
# Visual Studio Version 16
VisualStudioVersion = 16.0.30907.101
MinimumVisualStudioVersion = 15.0.26124.0
Project("{FAE04EC0-301F-11D3-BF4B-00C04F79EFBC}") = "Hahn.ApplicationProcess.December2020.Domain", "Hahn.ApplicationProcess.December2020.Domain\Hahn.ApplicationProcess.December2020.Domain.csproj", "{CA23A76E-48D7-49B7-B674-8F3A7C0098DF}"
EndProject
Project("{9A19103F-16F7-4668-BE54-9A1E7A4F7556}") = "Hahn.ApplicationProcess.December2020.Data", "Hahn.ApplicationProcess.December2020.Data\Hahn.ApplicationProcess.December2020.Data.csproj", "{596C780C-E86C-4C9B-853E-08789EBB0BB5}"
EndProject
Project("{FAE04EC0-301F-11D3-BF4B-00C04F79EFBC}") = "Hahn.ApplicationProcess.December2020.Web", "Hahn.ApplicationProcess.December2020.Web\Hahn.ApplicationProcess.December2020.Web.csproj", "{C0916EB0-BD91-4419-9953-00E7378460FF}"
EndProject
Project("{2150E333-8FDC-42A3-9474-1A3956D46DE8}") = "Shared Project Settings", "Shared Project Settings", "{2ED42B01-3B25-49AB-9960-39B0E4B1D053}"
	ProjectSection(SolutionItems) = preProject
		Directory.Build.props = Directory.Build.props
	EndProjectSection
EndProject
Global
	GlobalSection(SolutionConfigurationPlatforms) = preSolution
		Debug|Any CPU = Debug|Any CPU
		Debug|x64 = Debug|x64
		Debug|x86 = Debug|x86
		Release|Any CPU = Release|Any CPU
		Release|x64 = Release|x64
		Release|x86 = Release|x86
	EndGlobalSection
	GlobalSection(ProjectConfigurationPlatforms) = postSolution
		{CA23A76E-48D7-49B7-B674-8F3A7C0098DF}.Debug|Any CPU.ActiveCfg = Debug|Any CPU
		{CA23A76E-48D7-49B7-B674-8F3A7C0098DF}.Debug|Any CPU.Build.0 = Debug|Any CPU
		{CA23A76E-48D7-49B7-B674-8F3A7C0098DF}.Debug|x64.ActiveCfg = Debug|Any CPU
		{CA23A76E-48D7-49B7-B674-8F3A7C0098DF}.Debug|x64.Build.0 = Debug|Any CPU
		{CA23A76E-48D7-49B7-B674-8F3A7C0098DF}.Debug|x86.ActiveCfg = Debug|Any CPU
		{CA23A76E-48D7-49B7-B674-8F3A7C0098DF}.Debug|x86.Build.0 = Debug|Any CPU
		{CA23A76E-48D7-49B7-B674-8F3A7C0098DF}.Release|Any CPU.ActiveCfg = Release|Any CPU
		{CA23A76E-48D7-49B7-B674-8F3A7C0098DF}.Release|Any CPU.Build.0 = Release|Any CPU
		{CA23A76E-48D7-49B7-B674-8F3A7C0098DF}.Release|x64.ActiveCfg = Release|Any CPU
		{CA23A76E-48D7-49B7-B674-8F3A7C0098DF}.Release|x64.Build.0 = Release|Any CPU
		{CA23A76E-48D7-49B7-B674-8F3A7C0098DF}.Release|x86.ActiveCfg = Release|Any CPU
		{CA23A76E-48D7-49B7-B674-8F3A7C0098DF}.Release|x86.Build.0 = Release|Any CPU
		{596C780C-E86C-4C9B-853E-08789EBB0BB5}.Debug|Any CPU.ActiveCfg = Debug|Any CPU
		{596C780C-E86C-4C9B-853E-08789EBB0BB5}.Debug|Any CPU.Build.0 = Debug|Any CPU
		{596C780C-E86C-4C9B-853E-08789EBB0BB5}.Debug|x64.ActiveCfg = Debug|Any CPU
		{596C780C-E86C-4C9B-853E-08789EBB0BB5}.Debug|x64.Build.0 = Debug|Any CPU
		{596C780C-E86C-4C9B-853E-08789EBB0BB5}.Debug|x86.ActiveCfg = Debug|Any CPU
		{596C780C-E86C-4C9B-853E-08789EBB0BB5}.Debug|x86.Build.0 = Debug|Any CPU
		{596C780C-E86C-4C9B-853E-08789EBB0BB5}.Release|Any CPU.ActiveCfg = Release|Any CPU
		{596C780C-E86C-4C9B-853E-08789EBB0BB5}.Release|Any CPU.Build.0 = Release|Any CPU
		{596C780C-E86C-4C9B-853E-08789EBB0BB5}.Release|x64.ActiveCfg = Release|Any CPU
		{596C780C-E86C-4C9B-853E-08789EBB0BB5}.Release|x64.Build.0 = Release|Any CPU
		{596C780C-E86C-4C9B-853E-08789EBB0BB5}.Release|x86.ActiveCfg = Release|Any CPU
		{596C780C-E86C-4C9B-853E-08789EBB0BB5}.Release|x86.Build.0 = Release|Any CPU
		{C0916EB0-BD91-4419-9953-00E7378460FF}.Debug|Any CPU.ActiveCfg = Debug|Any CPU
		{C0916EB0-BD91-4419-9953-00E7378460FF}.Debug|Any CPU.Build.0 = Debug|Any CPU
		{C0916EB0-BD91-4419-9953-00E7378460FF}.Debug|x64.ActiveCfg = Debug|Any CPU
		{C0916EB0-BD91-4419-9953-00E7378460FF}.Debug|x64.Build.0 = Debug|Any CPU
		{C0916EB0-BD91-4419-9953-00E7378460FF}.Debug|x86.ActiveCfg = Debug|Any CPU
		{C0916EB0-BD91-4419-9953-00E7378460FF}.Debug|x86.Build.0 = Debug|Any CPU
		{C0916EB0-BD91-4419-9953-00E7378460FF}.Release|Any CPU.ActiveCfg = Release|Any CPU
		{C0916EB0-BD91-4419-9953-00E7378460FF}.Release|Any CPU.Build.0 = Release|Any CPU
		{C0916EB0-BD91-4419-9953-00E7378460FF}.Release|x64.ActiveCfg = Release|Any CPU
		{C0916EB0-BD91-4419-9953-00E7378460FF}.Release|x64.Build.0 = Release|Any CPU
		{C0916EB0-BD91-4419-9953-00E7378460FF}.Release|x86.ActiveCfg = Release|Any CPU
		{C0916EB0-BD91-4419-9953-00E7378460FF}.Release|x86.Build.0 = Release|Any CPU
	EndGlobalSection
	GlobalSection(SolutionProperties) = preSolution
		HideSolutionNode = FALSE
	EndGlobalSection
	GlobalSection(ExtensibilityGlobals) = postSolution
		SolutionGuid = {4CD3996D-3F3F-412D-9963-9DB9F563358D}
	EndGlobalSection
EndGlobal
